[[package]]
name = "aiohttp"
version = "3.8.3"
description = "Async http client/server framework (asyncio)"
category = "main"
optional = false
python-versions = ">=3.6"

[package.dependencies]
aiosignal = ">=1.1.2"
async-timeout = ">=4.0.0a3,<5.0"
attrs = ">=17.3.0"
charset-normalizer = ">=2.0,<3.0"
frozenlist = ">=1.1.1"
multidict = ">=4.5,<7.0"
yarl = ">=1.0,<2.0"

[package.extras]
speedups = ["aiodns", "brotli", "cchardet"]

[[package]]
name = "aiosignal"
version = "1.3.1"
description = "aiosignal: a list of registered asynchronous callbacks"
category = "main"
optional = false
python-versions = ">=3.7"

[package.dependencies]
frozenlist = ">=1.1.0"

[[package]]
name = "antlr4-python3-runtime"
version = "4.9.3"
description = "ANTLR 4.9.3 runtime for Python 3.7"
category = "main"
optional = false
python-versions = "*"

[[package]]
name = "async-timeout"
version = "4.0.2"
description = "Timeout context manager for asyncio programs"
category = "main"
optional = false
python-versions = ">=3.6"

[[package]]
name = "attrs"
version = "22.1.0"
description = "Classes Without Boilerplate"
category = "main"
optional = false
python-versions = ">=3.5"

[package.extras]
dev = ["coverage[toml] (>=5.0.2)", "hypothesis", "pympler", "pytest (>=4.3.0)", "mypy (>=0.900,!=0.940)", "pytest-mypy-plugins", "zope.interface", "furo", "sphinx", "sphinx-notfound-page", "pre-commit", "cloudpickle"]
docs = ["furo", "sphinx", "zope.interface", "sphinx-notfound-page"]
tests = ["coverage[toml] (>=5.0.2)", "hypothesis", "pympler", "pytest (>=4.3.0)", "mypy (>=0.900,!=0.940)", "pytest-mypy-plugins", "zope.interface", "cloudpickle"]
tests_no_zope = ["coverage[toml] (>=5.0.2)", "hypothesis", "pympler", "pytest (>=4.3.0)", "mypy (>=0.900,!=0.940)", "pytest-mypy-plugins", "cloudpickle"]

[[package]]
name = "certifi"
version = "2022.12.7"
description = "Python package for providing Mozilla's CA Bundle."
category = "main"
optional = false
python-versions = ">=3.6"

[[package]]
name = "charset-normalizer"
version = "2.1.1"
description = "The Real First Universal Charset Detector. Open, modern and actively maintained alternative to Chardet."
category = "main"
optional = false
python-versions = ">=3.6.0"

[package.extras]
unicode_backport = ["unicodedata2"]

[[package]]
name = "colorama"
version = "0.4.6"
description = "Cross-platform colored terminal text."
category = "main"
optional = false
python-versions = "!=3.0.*,!=3.1.*,!=3.2.*,!=3.3.*,!=3.4.*,!=3.5.*,!=3.6.*,>=2.7"

[[package]]
name = "filelock"
version = "3.8.2"
description = "A platform independent file lock."
category = "main"
optional = false
python-versions = ">=3.7"

[package.extras]
docs = ["furo (>=2022.9.29)", "sphinx (>=5.3)", "sphinx-autodoc-typehints (>=1.19.5)"]
testing = ["covdefaults (>=2.2.2)", "coverage (>=6.5)", "pytest (>=7.2)", "pytest-cov (>=4)", "pytest-timeout (>=2.1)"]

[[package]]
name = "frozenlist"
version = "1.3.3"
description = "A list-like structure which implements collections.abc.MutableSequence"
category = "main"
optional = false
python-versions = ">=3.7"

[[package]]
name = "fsspec"
version = "2022.11.0"
description = "File-system specification"
category = "main"
optional = false
python-versions = ">=3.7"

[package.dependencies]
aiohttp = {version = "<4.0.0a0 || >4.0.0a0,<4.0.0a1 || >4.0.0a1", optional = true, markers = "extra == \"http\""}
requests = {version = "*", optional = true, markers = "extra == \"http\""}

[package.extras]
abfs = ["adlfs"]
adl = ["adlfs"]
arrow = ["pyarrow (>=1)"]
dask = ["dask", "distributed"]
dropbox = ["dropboxdrivefs", "requests", "dropbox"]
entrypoints = ["importlib-metadata"]
fuse = ["fusepy"]
gcs = ["gcsfs"]
git = ["pygit2"]
github = ["requests"]
gs = ["gcsfs"]
gui = ["panel"]
hdfs = ["pyarrow (>=1)"]
http = ["requests", "aiohttp (!=4.0.0a0,!=4.0.0a1)"]
libarchive = ["libarchive-c"]
oci = ["ocifs"]
s3 = ["s3fs"]
sftp = ["paramiko"]
smb = ["smbprotocol"]
ssh = ["paramiko"]
tqdm = ["tqdm"]

[[package]]
name = "huggingface-hub"
version = "0.11.1"
description = "Client library to download and publish models, datasets and other repos on the huggingface.co hub"
category = "main"
optional = false
python-versions = ">=3.7.0"

[package.dependencies]
filelock = "*"
packaging = ">=20.9"
pyyaml = ">=5.1"
requests = "*"
tqdm = "*"
typing-extensions = ">=3.7.4.3"

[package.extras]
all = ["InquirerPy (==0.3.4)", "isort (>=5.5.4)", "jedi", "jinja2", "pytest", "pytest-cov", "pytest-env", "soundfile", "black (==22.3)", "flake8 (>=3.8.3)", "flake8-bugbear", "mypy (==0.982)", "types-pyyaml", "types-requests", "types-simplejson", "types-toml", "types-tqdm", "types-urllib3"]
cli = ["InquirerPy (==0.3.4)"]
dev = ["InquirerPy (==0.3.4)", "isort (>=5.5.4)", "jedi", "jinja2", "pytest", "pytest-cov", "pytest-env", "soundfile", "black (==22.3)", "flake8 (>=3.8.3)", "flake8-bugbear", "mypy (==0.982)", "types-pyyaml", "types-requests", "types-simplejson", "types-toml", "types-tqdm", "types-urllib3"]
fastai = ["toml", "fastai (>=2.4)", "fastcore (>=1.3.27)"]
quality = ["black (==22.3)", "flake8 (>=3.8.3)", "flake8-bugbear", "isort (>=5.5.4)", "mypy (==0.982)"]
tensorflow = ["tensorflow", "pydot", "graphviz"]
testing = ["InquirerPy (==0.3.4)", "isort (>=5.5.4)", "jedi", "jinja2", "pytest", "pytest-cov", "pytest-env", "soundfile"]
torch = ["torch"]
typing = ["types-pyyaml", "types-requests", "types-simplejson", "types-toml", "types-tqdm", "types-urllib3"]

[[package]]
name = "hydra-core"
version = "1.3.0"
description = "A framework for elegantly configuring complex applications"
category = "main"
optional = false
python-versions = "*"

[package.dependencies]
antlr4-python3-runtime = ">=4.9.0,<4.10.0"
omegaconf = ">=2.2,<3.0"
packaging = "*"

[[package]]
name = "hydra-zen"
version = "0.8.0"
description = "Configurable, reproducible, and scalable workflows in Python, via Hydra"
category = "main"
optional = false
python-versions = ">=3.7"

[package.dependencies]
hydra-core = ">=1.1.0"
typing-extensions = ">=4.1.0"

[package.extras]
beartype = ["beartype (>=0.8.0)"]
pydantic = ["pydantic (>=1.8.2)"]

[[package]]
name = "idna"
version = "3.4"
description = "Internationalized Domain Names in Applications (IDNA)"
category = "main"
optional = false
python-versions = ">=3.5"

[[package]]
name = "lightning-utilities"
version = "0.4.2"
description = "PyTorch Lightning Sample project."
category = "main"
optional = false
python-versions = ">=3.7"

[package.extras]
cli = ["fire"]
docs = ["sphinx (>=4.0,<5.0)"]
test = ["coverage (==6.5.0)"]

[[package]]
name = "multidict"
version = "6.0.3"
description = "multidict implementation"
category = "main"
optional = false
python-versions = ">=3.7"

[[package]]
name = "numpy"
version = "1.23.5"
description = "NumPy is the fundamental package for array computing with Python."
category = "main"
optional = false
python-versions = ">=3.8"

[[package]]
name = "nvidia-cublas-cu11"
version = "11.10.3.66"
description = "CUBLAS native runtime libraries"
category = "main"
optional = false
python-versions = ">=3"

[[package]]
name = "nvidia-cuda-nvrtc-cu11"
version = "11.7.99"
description = "NVRTC native runtime libraries"
category = "main"
optional = false
python-versions = ">=3"

[[package]]
name = "nvidia-cuda-runtime-cu11"
version = "11.7.99"
description = "CUDA Runtime native Libraries"
category = "main"
optional = false
python-versions = ">=3"

[[package]]
name = "nvidia-cudnn-cu11"
version = "8.5.0.96"
description = "cuDNN runtime libraries"
category = "main"
optional = false
python-versions = ">=3"

[[package]]
name = "omegaconf"
version = "2.3.0"
description = "A flexible configuration library"
category = "main"
optional = false
python-versions = ">=3.6"

[package.dependencies]
antlr4-python3-runtime = ">=4.9.0,<4.10.0"
PyYAML = ">=5.1.0"

[[package]]
name = "packaging"
version = "22.0"
description = "Core utilities for Python packages"
category = "main"
optional = false
python-versions = ">=3.7"

[[package]]
name = "pandas"
version = "1.5.2"
description = "Powerful data structures for data analysis, time series, and statistics"
category = "main"
optional = false
python-versions = ">=3.8"

[package.dependencies]
numpy = [
    {version = ">=1.21.0", markers = "python_version >= \"3.10\""},
    {version = ">=1.23.2", markers = "python_version >= \"3.11\""},
]
python-dateutil = ">=2.8.1"
pytz = ">=2020.1"

[package.extras]
test = ["hypothesis (>=5.5.3)", "pytest (>=6.0)", "pytest-xdist (>=1.31)"]

[[package]]
name = "protobuf"
version = "3.20.1"
description = "Protocol Buffers"
category = "main"
optional = false
python-versions = ">=3.7"

[[package]]
name = "pydantic"
version = "1.10.2"
description = "Data validation and settings management using python type hints"
category = "main"
optional = false
python-versions = ">=3.7"

[package.dependencies]
typing-extensions = ">=4.1.0"

[package.extras]
dotenv = ["python-dotenv (>=0.10.4)"]
email = ["email-validator (>=1.0.3)"]

[[package]]
name = "python-dateutil"
version = "2.8.2"
description = "Extensions to the standard Python datetime module"
category = "main"
optional = false
python-versions = "!=3.0.*,!=3.1.*,!=3.2.*,>=2.7"

[package.dependencies]
six = ">=1.5"

[[package]]
name = "pytorch-lightning"
version = "1.8.5"
description = "PyTorch Lightning is the lightweight PyTorch wrapper for ML researchers. Scale your models. Write less boilerplate."
category = "main"
optional = false
python-versions = ">=3.7"

[package.dependencies]
fsspec = {version = ">2021.06.0", extras = ["http"]}
lightning-utilities = ">=0.3.0,<0.4.0 || >0.4.0"
numpy = ">=1.17.2"
packaging = ">=17.0"
PyYAML = ">=5.4"
tensorboardX = ">=2.2"
torch = ">=1.9.0"
torchmetrics = ">=0.7.0"
tqdm = ">=4.57.0"
typing-extensions = ">=4.0.0"

[package.extras]
all = ["matplotlib (>3.1)", "omegaconf (>=2.0.5)", "hydra-core (>=1.0.5)", "jsonargparse[signatures] (>=4.15.2)", "rich (>=10.14.0,!=10.15.0.a)", "coverage (==6.5.0)", "codecov (==2.1.12)", "pytest (==7.2.0)", "pytest-cov (==4.0.0)", "pytest-forked (==1.4.0)", "pytest-rerunfailures (==10.2)", "pre-commit (==2.20.0)", "cloudpickle (>=1.3)", "scikit-learn (>0.22.1)", "onnxruntime", "psutil", "pandas (>1.0)", "fastapi", "uvicorn", "tensorboard (>=2.9.1)", "protobuf (<=3.20.1)", "torchvision (>=0.10.0)", "gym[classic_control] (>=0.17.0)", "ipython", "colossalai (>=0.1.10)", "fairscale (>=0.4.5)", "deepspeed (>=0.6.0)", "horovod (>=0.21.2,!=0.24.0)", "hivemind (==1.1.2)"]
colossalai = ["colossalai (>=0.1.10)"]
deepspeed = ["deepspeed (>=0.6.0)"]
dev = ["matplotlib (>3.1)", "omegaconf (>=2.0.5)", "hydra-core (>=1.0.5)", "jsonargparse[signatures] (>=4.15.2)", "rich (>=10.14.0,!=10.15.0.a)", "coverage (==6.5.0)", "codecov (==2.1.12)", "pytest (==7.2.0)", "pytest-cov (==4.0.0)", "pytest-forked (==1.4.0)", "pytest-rerunfailures (==10.2)", "pre-commit (==2.20.0)", "cloudpickle (>=1.3)", "scikit-learn (>0.22.1)", "onnxruntime", "psutil", "pandas (>1.0)", "fastapi", "uvicorn", "tensorboard (>=2.9.1)", "protobuf (<=3.20.1)"]
examples = ["torchvision (>=0.10.0)", "gym[classic_control] (>=0.17.0)", "ipython"]
extra = ["matplotlib (>3.1)", "omegaconf (>=2.0.5)", "hydra-core (>=1.0.5)", "jsonargparse[signatures] (>=4.15.2)", "rich (>=10.14.0,!=10.15.0.a)"]
fairscale = ["fairscale (>=0.4.5)"]
hivemind = ["hivemind (==1.1.2)"]
horovod = ["horovod (>=0.21.2,!=0.24.0)"]
strategies = ["colossalai (>=0.1.10)", "fairscale (>=0.4.5)", "deepspeed (>=0.6.0)", "horovod (>=0.21.2,!=0.24.0)", "hivemind (==1.1.2)"]
test = ["coverage (==6.5.0)", "codecov (==2.1.12)", "pytest (==7.2.0)", "pytest-cov (==4.0.0)", "pytest-forked (==1.4.0)", "pytest-rerunfailures (==10.2)", "pre-commit (==2.20.0)", "cloudpickle (>=1.3)", "scikit-learn (>0.22.1)", "onnxruntime", "psutil", "pandas (>1.0)", "fastapi", "uvicorn", "tensorboard (>=2.9.1)", "protobuf (<=3.20.1)"]

[[package]]
name = "pytz"
version = "2022.6"
description = "World timezone definitions, modern and historical"
category = "main"
optional = false
python-versions = "*"

[[package]]
name = "pyyaml"
version = "6.0"
description = "YAML parser and emitter for Python"
category = "main"
optional = false
python-versions = ">=3.6"

[[package]]
name = "regex"
version = "2022.10.31"
description = "Alternative regular expression module, to replace re."
category = "main"
optional = false
python-versions = ">=3.6"

[[package]]
name = "requests"
version = "2.28.1"
description = "Python HTTP for Humans."
category = "main"
optional = false
python-versions = ">=3.7, <4"

[package.dependencies]
certifi = ">=2017.4.17"
charset-normalizer = ">=2,<3"
idna = ">=2.5,<4"
urllib3 = ">=1.21.1,<1.27"

[package.extras]
socks = ["PySocks (>=1.5.6,!=1.5.7)"]
use_chardet_on_py3 = ["chardet (>=3.0.2,<6)"]

[[package]]
name = "six"
version = "1.16.0"
description = "Python 2 and 3 compatibility utilities"
category = "main"
optional = false
python-versions = ">=2.7, !=3.0.*, !=3.1.*, !=3.2.*"

[[package]]
name = "tensorboardx"
version = "2.5.1"
description = "TensorBoardX lets you watch Tensors Flow without Tensorflow"
category = "main"
optional = false
python-versions = "*"

[package.dependencies]
numpy = "*"
protobuf = ">=3.8.0,<=3.20.1"

[[package]]
name = "tokenizers"
version = "0.13.2"
description = "Fast and Customizable Tokenizers"
category = "main"
optional = false
python-versions = "*"

[package.extras]
dev = ["pytest", "requests", "numpy", "datasets", "black (==22.3)"]
docs = ["sphinx", "sphinx-rtd-theme", "setuptools-rust"]
testing = ["pytest", "requests", "numpy", "datasets", "black (==22.3)"]

[[package]]
name = "torch"
version = "1.13.1"
description = "Tensors and Dynamic neural networks in Python with strong GPU acceleration"
category = "main"
optional = false
python-versions = ">=3.7.0"

[package.dependencies]
nvidia-cublas-cu11 = {version = "11.10.3.66", markers = "platform_system == \"Linux\""}
nvidia-cuda-nvrtc-cu11 = {version = "11.7.99", markers = "platform_system == \"Linux\""}
nvidia-cuda-runtime-cu11 = {version = "11.7.99", markers = "platform_system == \"Linux\""}
nvidia-cudnn-cu11 = {version = "8.5.0.96", markers = "platform_system == \"Linux\""}
typing-extensions = "*"

[package.extras]
opt-einsum = ["opt-einsum (>=3.3)"]

[[package]]
name = "torchmetrics"
version = "0.11.0"
description = "PyTorch native Metrics"
category = "main"
optional = false
python-versions = ">=3.7"

[package.dependencies]
numpy = ">=1.17.2"
packaging = "*"
torch = ">=1.8.1"

[package.extras]
all = ["pystoi", "torchvision (>=0.8)", "pycocotools", "scipy", "torch-fidelity", "torchvision", "lpips", "pytorch-lightning (>=1.5)", "transformers (>=4.10.0)", "regex (>=2021.9.24)", "nltk (>=3.6)", "tqdm (>=4.41.0)"]
audio = ["pystoi"]
detection = ["torchvision (>=0.8)", "pycocotools"]
docs = ["sphinx-autodoc-typehints (>=1.0)", "nbsphinx (>=0.8)", "docutils (>=0.16)", "sphinx-togglebutton (>=0.2)", "pandoc (>=1.0)", "myst-parser", "sphinx-paramlinks (>=0.5.1)", "sphinxcontrib-fulltoc (>=1.0)", "sphinxcontrib-mockautodoc", "sphinx-copybutton (>=0.3)", "sphinx (>=4.0,<5.0)"]
image = ["scipy", "torch-fidelity", "torchvision", "lpips"]
integrate = ["pytorch-lightning (>=1.5)"]
multimodal = ["transformers (>=4.10.0)"]
test = ["types-protobuf", "rouge-score (>=0.0.4)", "bert-score (==0.3.10)", "requests", "mir-eval (>=0.6)", "jiwer (>=2.3.0)", "scikit-learn (>1.0,<1.1.1)", "check-manifest", "types-tabulate", "pytest-timeout", "types-emoji", "pycocotools", "coverage (>5.2)", "pytest (>=6.0.0,<7.0.0)", "types-six", "kornia (>=0.6.7)", "phmdoctest (>=1.1.1)", "pandas", "pytest-cov (>2.10)", "cloudpickle (>=1.3)", "pre-commit (>=1.0)", "scipy", "psutil", "mypy (==0.982)", "types-requests", "pytest-rerunfailures (>=10.0)", "types-pyyaml", "types-setuptools", "sacrebleu (>=2.0.0)", "netcal", "pytorch-msssim (==0.2.1)", "transformers (>4.4.0)", "fast-bss-eval (>=0.1.0)", "fire", "scikit-image (>0.17.1)", "dython", "torch-complex", "pytest-doctestplus (>=0.9.0)", "huggingface-hub (<0.7)", "pypesq (>1.2)"]
text = ["regex (>=2021.9.24)", "nltk (>=3.6)", "tqdm (>=4.41.0)"]

[[package]]
name = "tqdm"
version = "4.64.1"
description = "Fast, Extensible Progress Meter"
category = "main"
optional = false
python-versions = "!=3.0.*,!=3.1.*,!=3.2.*,!=3.3.*,>=2.7"

[package.dependencies]
colorama = {version = "*", markers = "platform_system == \"Windows\""}

[package.extras]
dev = ["py-make (>=0.1.0)", "twine", "wheel"]
notebook = ["ipywidgets (>=6)"]
slack = ["slack-sdk"]
telegram = ["requests"]

[[package]]
name = "transformers"
version = "4.25.1"
description = "State-of-the-art Machine Learning for JAX, PyTorch and TensorFlow"
category = "main"
optional = false
python-versions = ">=3.7.0"

[package.dependencies]
filelock = "*"
huggingface-hub = ">=0.10.0,<1.0"
numpy = ">=1.17"
packaging = ">=20.0"
pyyaml = ">=5.1"
regex = "!=2019.12.17"
requests = "*"
tokenizers = ">=0.11.1,<0.11.3 || >0.11.3,<0.14"
tqdm = ">=4.27"

[package.extras]
accelerate = ["accelerate (>=0.10.0)"]
all = ["tensorflow (>=2.4,<2.11)", "onnxconverter-common", "tf2onnx", "tensorflow-text", "keras-nlp (>=0.3.1)", "torch (>=1.7,!=1.12.0)", "jax (>=0.2.8,!=0.3.2,<=0.3.6)", "jaxlib (>=0.1.65,<=0.3.6)", "flax (>=0.4.1)", "optax (>=0.0.8)", "sentencepiece (>=0.1.91,!=0.1.92)", "protobuf (<=3.20.2)", "tokenizers (>=0.11.1,!=0.11.3,<0.14)", "torchaudio", "librosa", "pyctcdecode (>=0.4.0)", "phonemizer", "kenlm", "pillow", "optuna", "ray", "sigopt", "timm", "codecarbon (==1.2.0)", "accelerate (>=0.10.0)"]
audio = ["librosa", "pyctcdecode (>=0.4.0)", "phonemizer", "kenlm"]
codecarbon = ["codecarbon (==1.2.0)"]
deepspeed = ["deepspeed (>=0.6.5)", "accelerate (>=0.10.0)"]
deepspeed-testing = ["deepspeed (>=0.6.5)", "accelerate (>=0.10.0)", "pytest", "pytest-xdist", "timeout-decorator", "parameterized", "psutil", "datasets (!=2.5.0)", "dill (<0.3.5)", "evaluate (>=0.2.0)", "pytest-timeout", "black (==22.3)", "sacrebleu (>=1.4.12,<2.0.0)", "rouge-score (!=0.0.7,!=0.0.8,!=0.1,!=0.1.1)", "nltk", "GitPython (<3.1.19)", "hf-doc-builder (>=0.3.0)", "protobuf (<=3.20.2)", "sacremoses", "rjieba", "safetensors (>=0.2.1)", "beautifulsoup4", "faiss-cpu", "cookiecutter (==1.7.3)", "optuna"]
dev = ["tensorflow (>=2.4,<2.11)", "onnxconverter-common", "tf2onnx", "tensorflow-text", "keras-nlp (>=0.3.1)", "torch (>=1.7,!=1.12.0)", "jax (>=0.2.8,!=0.3.2,<=0.3.6)", "jaxlib (>=0.1.65,<=0.3.6)", "flax (>=0.4.1)", "optax (>=0.0.8)", "sentencepiece (>=0.1.91,!=0.1.92)", "protobuf (<=3.20.2)", "tokenizers (>=0.11.1,!=0.11.3,<0.14)", "torchaudio", "librosa", "pyctcdecode (>=0.4.0)", "phonemizer", "kenlm", "pillow", "optuna", "ray", "sigopt", "timm", "codecarbon (==1.2.0)", "accelerate (>=0.10.0)", "pytest", "pytest-xdist", "timeout-decorator", "parameterized", "psutil", "datasets (!=2.5.0)", "dill (<0.3.5)", "evaluate (>=0.2.0)", "pytest-timeout", "black (==22.3)", "sacrebleu (>=1.4.12,<2.0.0)", "rouge-score (!=0.0.7,!=0.0.8,!=0.1,!=0.1.1)", "nltk", "GitPython (<3.1.19)", "hf-doc-builder (>=0.3.0)", "sacremoses", "rjieba", "safetensors (>=0.2.1)", "beautifulsoup4", "faiss-cpu", "cookiecutter (==1.7.3)", "isort (>=5.5.4)", "flake8 (>=3.8.3)", "fugashi (>=1.0)", "ipadic (>=1.0.0,<2.0)", "unidic-lite (>=1.0.7)", "unidic (>=1.0.2)", "sudachipy (>=0.6.6)", "sudachidict-core (>=20220729)", "pyknp (>=0.6.1)", "hf-doc-builder", "scikit-learn"]
dev-tensorflow = ["pytest", "pytest-xdist", "timeout-decorator", "parameterized", "psutil", "datasets (!=2.5.0)", "dill (<0.3.5)", "evaluate (>=0.2.0)", "pytest-timeout", "black (==22.3)", "sacrebleu (>=1.4.12,<2.0.0)", "rouge-score (!=0.0.7,!=0.0.8,!=0.1,!=0.1.1)", "nltk", "GitPython (<3.1.19)", "hf-doc-builder (>=0.3.0)", "protobuf (<=3.20.2)", "sacremoses", "rjieba", "safetensors (>=0.2.1)", "beautifulsoup4", "faiss-cpu", "cookiecutter (==1.7.3)", "tensorflow (>=2.4,<2.11)", "onnxconverter-common", "tf2onnx", "tensorflow-text", "keras-nlp (>=0.3.1)", "sentencepiece (>=0.1.91,!=0.1.92)", "tokenizers (>=0.11.1,!=0.11.3,<0.14)", "pillow", "isort (>=5.5.4)", "flake8 (>=3.8.3)", "hf-doc-builder", "scikit-learn", "onnxruntime (>=1.4.0)", "onnxruntime-tools (>=1.4.2)", "librosa", "pyctcdecode (>=0.4.0)", "phonemizer", "kenlm"]
dev-torch = ["pytest", "pytest-xdist", "timeout-decorator", "parameterized", "psutil", "datasets (!=2.5.0)", "dill (<0.3.5)", "evaluate (>=0.2.0)", "pytest-timeout", "black (==22.3)", "sacrebleu (>=1.4.12,<2.0.0)", "rouge-score (!=0.0.7,!=0.0.8,!=0.1,!=0.1.1)", "nltk", "GitPython (<3.1.19)", "hf-doc-builder (>=0.3.0)", "protobuf (<=3.20.2)", "sacremoses", "rjieba", "safetensors (>=0.2.1)", "beautifulsoup4", "faiss-cpu", "cookiecutter (==1.7.3)", "torch (>=1.7,!=1.12.0)", "sentencepiece (>=0.1.91,!=0.1.92)", "tokenizers (>=0.11.1,!=0.11.3,<0.14)", "torchaudio", "librosa", "pyctcdecode (>=0.4.0)", "phonemizer", "kenlm", "pillow", "optuna", "ray", "sigopt", "timm", "codecarbon (==1.2.0)", "isort (>=5.5.4)", "flake8 (>=3.8.3)", "fugashi (>=1.0)", "ipadic (>=1.0.0,<2.0)", "unidic-lite (>=1.0.7)", "unidic (>=1.0.2)", "sudachipy (>=0.6.6)", "sudachidict-core (>=20220729)", "pyknp (>=0.6.1)", "hf-doc-builder", "scikit-learn", "onnxruntime (>=1.4.0)", "onnxruntime-tools (>=1.4.2)"]
docs = ["tensorflow (>=2.4,<2.11)", "onnxconverter-common", "tf2onnx", "tensorflow-text", "keras-nlp (>=0.3.1)", "torch (>=1.7,!=1.12.0)", "jax (>=0.2.8,!=0.3.2,<=0.3.6)", "jaxlib (>=0.1.65,<=0.3.6)", "flax (>=0.4.1)", "optax (>=0.0.8)", "sentencepiece (>=0.1.91,!=0.1.92)", "protobuf (<=3.20.2)", "tokenizers (>=0.11.1,!=0.11.3,<0.14)", "torchaudio", "librosa", "pyctcdecode (>=0.4.0)", "phonemizer", "kenlm", "pillow", "optuna", "ray", "sigopt", "timm", "codecarbon (==1.2.0)", "accelerate (>=0.10.0)", "hf-doc-builder"]
docs_specific = ["hf-doc-builder"]
fairscale = ["fairscale (>0.3)"]
flax = ["jax (>=0.2.8,!=0.3.2,<=0.3.6)", "jaxlib (>=0.1.65,<=0.3.6)", "flax (>=0.4.1)", "optax (>=0.0.8)"]
flax-speech = ["librosa", "pyctcdecode (>=0.4.0)", "phonemizer", "kenlm"]
ftfy = ["ftfy"]
integrations = ["optuna", "ray", "sigopt"]
ja = ["fugashi (>=1.0)", "ipadic (>=1.0.0,<2.0)", "unidic-lite (>=1.0.7)", "unidic (>=1.0.2)", "sudachipy (>=0.6.6)", "sudachidict-core (>=20220729)", "pyknp (>=0.6.1)"]
modelcreation = ["cookiecutter (==1.7.3)"]
natten = ["natten (>=0.14.4)"]
onnx = ["onnxconverter-common", "tf2onnx", "onnxruntime (>=1.4.0)", "onnxruntime-tools (>=1.4.2)"]
onnxruntime = ["onnxruntime (>=1.4.0)", "onnxruntime-tools (>=1.4.2)"]
optuna = ["optuna"]
quality = ["black (==22.3)", "datasets (!=2.5.0)", "isort (>=5.5.4)", "flake8 (>=3.8.3)", "GitPython (<3.1.19)", "hf-doc-builder (>=0.3.0)"]
ray = ["ray"]
retrieval = ["faiss-cpu", "datasets (!=2.5.0)"]
sagemaker = ["sagemaker (>=2.31.0)"]
sentencepiece = ["sentencepiece (>=0.1.91,!=0.1.92)", "protobuf (<=3.20.2)"]
serving = ["pydantic", "uvicorn", "fastapi", "starlette"]
sigopt = ["sigopt"]
sklearn = ["scikit-learn"]
speech = ["torchaudio", "librosa", "pyctcdecode (>=0.4.0)", "phonemizer", "kenlm"]
testing = ["pytest", "pytest-xdist", "timeout-decorator", "parameterized", "psutil", "datasets (!=2.5.0)", "dill (<0.3.5)", "evaluate (>=0.2.0)", "pytest-timeout", "black (==22.3)", "sacrebleu (>=1.4.12,<2.0.0)", "rouge-score (!=0.0.7,!=0.0.8,!=0.1,!=0.1.1)", "nltk", "GitPython (<3.1.19)", "hf-doc-builder (>=0.3.0)", "protobuf (<=3.20.2)", "sacremoses", "rjieba", "safetensors (>=0.2.1)", "beautifulsoup4", "faiss-cpu", "cookiecutter (==1.7.3)"]
tf = ["tensorflow (>=2.4,<2.11)", "onnxconverter-common", "tf2onnx", "tensorflow-text", "keras-nlp (>=0.3.1)"]
tf-cpu = ["tensorflow-cpu (>=2.4,<2.11)", "onnxconverter-common", "tf2onnx", "tensorflow-text", "keras-nlp (>=0.3.1)"]
tf-speech = ["librosa", "pyctcdecode (>=0.4.0)", "phonemizer", "kenlm"]
timm = ["timm"]
tokenizers = ["tokenizers (>=0.11.1,!=0.11.3,<0.14)"]
torch = ["torch (>=1.7,!=1.12.0)"]
torch-speech = ["torchaudio", "librosa", "pyctcdecode (>=0.4.0)", "phonemizer", "kenlm"]
torchhub = ["filelock", "huggingface-hub (>=0.10.0,<1.0)", "importlib-metadata", "numpy (>=1.17)", "packaging (>=20.0)", "protobuf (<=3.20.2)", "regex (!=2019.12.17)", "requests", "sentencepiece (>=0.1.91,!=0.1.92)", "torch (>=1.7,!=1.12.0)", "tokenizers (>=0.11.1,!=0.11.3,<0.14)", "tqdm (>=4.27)"]
vision = ["pillow"]

[[package]]
name = "typing-extensions"
version = "4.4.0"
description = "Backported and Experimental Type Hints for Python 3.7+"
category = "main"
optional = false
python-versions = ">=3.7"

[[package]]
name = "urllib3"
version = "1.26.13"
description = "HTTP library with thread-safe connection pooling, file post, and more."
category = "main"
optional = false
python-versions = ">=2.7, !=3.0.*, !=3.1.*, !=3.2.*, !=3.3.*, !=3.4.*, !=3.5.*"

[package.extras]
brotli = ["brotlicffi (>=0.8.0)", "brotli (>=1.0.9)", "brotlipy (>=0.6.0)"]
secure = ["pyOpenSSL (>=0.14)", "cryptography (>=1.3.4)", "idna (>=2.0.0)", "certifi", "urllib3-secure-extra", "ipaddress"]
socks = ["PySocks (>=1.5.6,!=1.5.7,<2.0)"]

[[package]]
name = "yarl"
version = "1.8.2"
description = "Yet another URL library"
category = "main"
optional = false
python-versions = ">=3.7"

[package.dependencies]
idna = ">=2.0"
multidict = ">=4.0"

[metadata]
lock-version = "1.1"
python-versions = "^3.10"
content-hash = "021fd942a0ed6367fbaf2eea57951b6e186084ba9650383fb50fecbf57dc9af9"

[metadata.files]
aiohttp = []
aiosignal = []
antlr4-python3-runtime = []
async-timeout = []
attrs = []
certifi = []
charset-normalizer = []
colorama = []
filelock = []
frozenlist = []
fsspec = []
huggingface-hub = []
hydra-core = []
hydra-zen = []
idna = []
lightning-utilities = []
multidict = []
numpy = []
nvidia-cublas-cu11 = []
nvidia-cuda-nvrtc-cu11 = []
nvidia-cuda-runtime-cu11 = []
nvidia-cudnn-cu11 = []
omegaconf = []
packaging = []
pandas = []
protobuf = []
pydantic = []
python-dateutil = []
pytorch-lightning = []
pytz = []
pyyaml = []
regex = []
requests = []
six = []
tensorboardx = []
tokenizers = []
torch = []
torchmetrics = []
tqdm = []
transformers = []
typing-extensions = []
urllib3 = []
yarl = []
